// !$*UTF8*$!
{
	archiveVersion = 1;
	classes = {
	};
	objectVersion = 46;
	objects = {

/* Begin PBXBuildFile section */
		001D17FF8BCBE2D5A5D03FA0 /* libPods-XquHome_Teacher.a in Frameworks */ = {isa = PBXBuildFile; fileRef = 18103978FF319FB01F2BA9A8 /* libPods-XquHome_Teacher.a */; };
		D5131E5A1F31A4BD009543AD /* RYLoginViewController.m in Sources */ = {isa = PBXBuildFile; fileRef = D5131E591F31A4BD009543AD /* RYLoginViewController.m */; };
		D5131E5D1F31A4DF009543AD /* RYHomeViewController.m in Sources */ = {isa = PBXBuildFile; fileRef = D5131E5C1F31A4DF009543AD /* RYHomeViewController.m */; };
		D5131E601F31A4F9009543AD /* RYOrderViewController.m in Sources */ = {isa = PBXBuildFile; fileRef = D5131E5F1F31A4F9009543AD /* RYOrderViewController.m */; };
		D5131E631F31A506009543AD /* RYUserViewController.m in Sources */ = {isa = PBXBuildFile; fileRef = D5131E621F31A506009543AD /* RYUserViewController.m */; };
		D5131E661F31A5A1009543AD /* RYTabBarController.m in Sources */ = {isa = PBXBuildFile; fileRef = D5131E651F31A5A1009543AD /* RYTabBarController.m */; };
		D5131E691F31A5EF009543AD /* RYTabBar.m in Sources */ = {isa = PBXBuildFile; fileRef = D5131E681F31A5EF009543AD /* RYTabBar.m */; };
		D5131E6C1F31A72C009543AD /* RYBarButton.m in Sources */ = {isa = PBXBuildFile; fileRef = D5131E6B1F31A72C009543AD /* RYBarButton.m */; };
		D5131E6F1F31A771009543AD /* UIView+Extension.m in Sources */ = {isa = PBXBuildFile; fileRef = D5131E6E1F31A771009543AD /* UIView+Extension.m */; };
		D5131E721F31C212009543AD /* RYChoseViewController.m in Sources */ = {isa = PBXBuildFile; fileRef = D5131E711F31C212009543AD /* RYChoseViewController.m */; };
		D5131E751F31C72A009543AD /* RYNewFeatureViewController.m in Sources */ = {isa = PBXBuildFile; fileRef = D5131E741F31C72A009543AD /* RYNewFeatureViewController.m */; };
		D5131E781F31C793009543AD /* RYSaveDataLocationUtil.m in Sources */ = {isa = PBXBuildFile; fileRef = D5131E771F31C793009543AD /* RYSaveDataLocationUtil.m */; };
		D5131E7B1F31CE6A009543AD /* RYNewFeatureCollectionViewCell.m in Sources */ = {isa = PBXBuildFile; fileRef = D5131E7A1F31CE6A009543AD /* RYNewFeatureCollectionViewCell.m */; };
		D5131E811F32F93B009543AD /* RYAppDelegateExtension.m in Sources */ = {isa = PBXBuildFile; fileRef = D5131E801F32F93B009543AD /* RYAppDelegateExtension.m */; };
		D5131E851F3307C6009543AD /* WRNavigationBar.m in Sources */ = {isa = PBXBuildFile; fileRef = D5131E841F3307C6009543AD /* WRNavigationBar.m */; };
		D551A3521F307C8D005144F5 /* Assets.xcassets in Resources */ = {isa = PBXBuildFile; fileRef = D551A3511F307C8D005144F5 /* Assets.xcassets */; };
		D551A3601F307C8D005144F5 /* XquHome_TeacherTests.m in Sources */ = {isa = PBXBuildFile; fileRef = D551A35F1F307C8D005144F5 /* XquHome_TeacherTests.m */; };
		D551A36B1F307C8D005144F5 /* XquHome_TeacherUITests.m in Sources */ = {isa = PBXBuildFile; fileRef = D551A36A1F307C8D005144F5 /* XquHome_TeacherUITests.m */; };
		D551A3C21F307CD2005144F5 /* RYAppDelegate.m in Sources */ = {isa = PBXBuildFile; fileRef = D551A37B1F307CD2005144F5 /* RYAppDelegate.m */; };
		D551A3C31F307CD2005144F5 /* main.m in Sources */ = {isa = PBXBuildFile; fileRef = D551A37D1F307CD2005144F5 /* main.m */; };
		D551A3C81F308114005144F5 /* RYNavigationController.m in Sources */ = {isa = PBXBuildFile; fileRef = D551A3C71F308114005144F5 /* RYNavigationController.m */; };
		D551A3CF1F308569005144F5 /* UIImage+Extension.m in Sources */ = {isa = PBXBuildFile; fileRef = D551A3CE1F308569005144F5 /* UIImage+Extension.m */; };
		D551A3D21F30880E005144F5 /* UIColor+Extension.m in Sources */ = {isa = PBXBuildFile; fileRef = D551A3D11F30880E005144F5 /* UIColor+Extension.m */; };
/* End PBXBuildFile section */

/* Begin PBXContainerItemProxy section */
		D551A35C1F307C8D005144F5 /* PBXContainerItemProxy */ = {
			isa = PBXContainerItemProxy;
			containerPortal = D551A33A1F307C8D005144F5 /* Project object */;
			proxyType = 1;
			remoteGlobalIDString = D551A3411F307C8D005144F5;
			remoteInfo = XquHome_Teacher;
		};
		D551A3671F307C8D005144F5 /* PBXContainerItemProxy */ = {
			isa = PBXContainerItemProxy;
			containerPortal = D551A33A1F307C8D005144F5 /* Project object */;
			proxyType = 1;
			remoteGlobalIDString = D551A3411F307C8D005144F5;
			remoteInfo = XquHome_Teacher;
		};
/* End PBXContainerItemProxy section */

/* Begin PBXFileReference section */
		18103978FF319FB01F2BA9A8 /* libPods-XquHome_Teacher.a */ = {isa = PBXFileReference; explicitFileType = archive.ar; includeInIndex = 0; path = "libPods-XquHome_Teacher.a"; sourceTree = BUILT_PRODUCTS_DIR; };
		27476F8BF253027A8B89E7BE /* Pods-XquHome_Teacher.release.xcconfig */ = {isa = PBXFileReference; includeInIndex = 1; lastKnownFileType = text.xcconfig; name = "Pods-XquHome_Teacher.release.xcconfig"; path = "Pods/Target Support Files/Pods-XquHome_Teacher/Pods-XquHome_Teacher.release.xcconfig"; sourceTree = "<group>"; };
		BFEDC0E36DDF2B2D282F4442 /* Pods-XquHome_Teacher.debug.xcconfig */ = {isa = PBXFileReference; includeInIndex = 1; lastKnownFileType = text.xcconfig; name = "Pods-XquHome_Teacher.debug.xcconfig"; path = "Pods/Target Support Files/Pods-XquHome_Teacher/Pods-XquHome_Teacher.debug.xcconfig"; sourceTree = "<group>"; };
		D5131E581F31A4BD009543AD /* RYLoginViewController.h */ = {isa = PBXFileReference; fileEncoding = 4; lastKnownFileType = sourcecode.c.h; path = RYLoginViewController.h; sourceTree = "<group>"; };
		D5131E591F31A4BD009543AD /* RYLoginViewController.m */ = {isa = PBXFileReference; fileEncoding = 4; lastKnownFileType = sourcecode.c.objc; path = RYLoginViewController.m; sourceTree = "<group>"; };
		D5131E5B1F31A4DF009543AD /* RYHomeViewController.h */ = {isa = PBXFileReference; fileEncoding = 4; lastKnownFileType = sourcecode.c.h; path = RYHomeViewController.h; sourceTree = "<group>"; };
		D5131E5C1F31A4DF009543AD /* RYHomeViewController.m */ = {isa = PBXFileReference; fileEncoding = 4; lastKnownFileType = sourcecode.c.objc; path = RYHomeViewController.m; sourceTree = "<group>"; };
		D5131E5E1F31A4F9009543AD /* RYOrderViewController.h */ = {isa = PBXFileReference; fileEncoding = 4; lastKnownFileType = sourcecode.c.h; path = RYOrderViewController.h; sourceTree = "<group>"; };
		D5131E5F1F31A4F9009543AD /* RYOrderViewController.m */ = {isa = PBXFileReference; fileEncoding = 4; lastKnownFileType = sourcecode.c.objc; path = RYOrderViewController.m; sourceTree = "<group>"; };
		D5131E611F31A506009543AD /* RYUserViewController.h */ = {isa = PBXFileReference; fileEncoding = 4; lastKnownFileType = sourcecode.c.h; path = RYUserViewController.h; sourceTree = "<group>"; };
		D5131E621F31A506009543AD /* RYUserViewController.m */ = {isa = PBXFileReference; fileEncoding = 4; lastKnownFileType = sourcecode.c.objc; path = RYUserViewController.m; sourceTree = "<group>"; };
		D5131E641F31A5A1009543AD /* RYTabBarController.h */ = {isa = PBXFileReference; fileEncoding = 4; lastKnownFileType = sourcecode.c.h; path = RYTabBarController.h; sourceTree = "<group>"; };
		D5131E651F31A5A1009543AD /* RYTabBarController.m */ = {isa = PBXFileReference; fileEncoding = 4; lastKnownFileType = sourcecode.c.objc; path = RYTabBarController.m; sourceTree = "<group>"; };
		D5131E671F31A5EF009543AD /* RYTabBar.h */ = {isa = PBXFileReference; fileEncoding = 4; lastKnownFileType = sourcecode.c.h; path = RYTabBar.h; sourceTree = "<group>"; };
		D5131E681F31A5EF009543AD /* RYTabBar.m */ = {isa = PBXFileReference; fileEncoding = 4; lastKnownFileType = sourcecode.c.objc; path = RYTabBar.m; sourceTree = "<group>"; };
		D5131E6A1F31A72C009543AD /* RYBarButton.h */ = {isa = PBXFileReference; fileEncoding = 4; lastKnownFileType = sourcecode.c.h; path = RYBarButton.h; sourceTree = "<group>"; };
		D5131E6B1F31A72C009543AD /* RYBarButton.m */ = {isa = PBXFileReference; fileEncoding = 4; lastKnownFileType = sourcecode.c.objc; path = RYBarButton.m; sourceTree = "<group>"; };
		D5131E6D1F31A771009543AD /* UIView+Extension.h */ = {isa = PBXFileReference; fileEncoding = 4; lastKnownFileType = sourcecode.c.h; path = "UIView+Extension.h"; sourceTree = "<group>"; };
		D5131E6E1F31A771009543AD /* UIView+Extension.m */ = {isa = PBXFileReference; fileEncoding = 4; lastKnownFileType = sourcecode.c.objc; path = "UIView+Extension.m"; sourceTree = "<group>"; };
		D5131E701F31C212009543AD /* RYChoseViewController.h */ = {isa = PBXFileReference; fileEncoding = 4; lastKnownFileType = sourcecode.c.h; path = RYChoseViewController.h; sourceTree = "<group>"; };
		D5131E711F31C212009543AD /* RYChoseViewController.m */ = {isa = PBXFileReference; fileEncoding = 4; lastKnownFileType = sourcecode.c.objc; path = RYChoseViewController.m; sourceTree = "<group>"; };
		D5131E731F31C72A009543AD /* RYNewFeatureViewController.h */ = {isa = PBXFileReference; fileEncoding = 4; lastKnownFileType = sourcecode.c.h; path = RYNewFeatureViewController.h; sourceTree = "<group>"; };
		D5131E741F31C72A009543AD /* RYNewFeatureViewController.m */ = {isa = PBXFileReference; fileEncoding = 4; lastKnownFileType = sourcecode.c.objc; path = RYNewFeatureViewController.m; sourceTree = "<group>"; };
		D5131E761F31C793009543AD /* RYSaveDataLocationUtil.h */ = {isa = PBXFileReference; fileEncoding = 4; lastKnownFileType = sourcecode.c.h; path = RYSaveDataLocationUtil.h; sourceTree = "<group>"; };
		D5131E771F31C793009543AD /* RYSaveDataLocationUtil.m */ = {isa = PBXFileReference; fileEncoding = 4; lastKnownFileType = sourcecode.c.objc; path = RYSaveDataLocationUtil.m; sourceTree = "<group>"; };
		D5131E791F31CE6A009543AD /* RYNewFeatureCollectionViewCell.h */ = {isa = PBXFileReference; fileEncoding = 4; lastKnownFileType = sourcecode.c.h; path = RYNewFeatureCollectionViewCell.h; sourceTree = "<group>"; };
		D5131E7A1F31CE6A009543AD /* RYNewFeatureCollectionViewCell.m */ = {isa = PBXFileReference; fileEncoding = 4; lastKnownFileType = sourcecode.c.objc; path = RYNewFeatureCollectionViewCell.m; sourceTree = "<group>"; };
		D5131E7F1F32F93B009543AD /* RYAppDelegateExtension.h */ = {isa = PBXFileReference; fileEncoding = 4; lastKnownFileType = sourcecode.c.h; path = RYAppDelegateExtension.h; sourceTree = "<group>"; };
		D5131E801F32F93B009543AD /* RYAppDelegateExtension.m */ = {isa = PBXFileReference; fileEncoding = 4; lastKnownFileType = sourcecode.c.objc; path = RYAppDelegateExtension.m; sourceTree = "<group>"; };
		D5131E831F3307C6009543AD /* WRNavigationBar.h */ = {isa = PBXFileReference; fileEncoding = 4; lastKnownFileType = sourcecode.c.h; path = WRNavigationBar.h; sourceTree = "<group>"; };
		D5131E841F3307C6009543AD /* WRNavigationBar.m */ = {isa = PBXFileReference; fileEncoding = 4; lastKnownFileType = sourcecode.c.objc; path = WRNavigationBar.m; sourceTree = "<group>"; };
		D551A3421F307C8D005144F5 /* XquHome_Teacher.app */ = {isa = PBXFileReference; explicitFileType = wrapper.application; includeInIndex = 0; path = XquHome_Teacher.app; sourceTree = BUILT_PRODUCTS_DIR; };
		D551A3511F307C8D005144F5 /* Assets.xcassets */ = {isa = PBXFileReference; lastKnownFileType = folder.assetcatalog; path = Assets.xcassets; sourceTree = "<group>"; };
		D551A35B1F307C8D005144F5 /* XquHome_TeacherTests.xctest */ = {isa = PBXFileReference; explicitFileType = wrapper.cfbundle; includeInIndex = 0; path = XquHome_TeacherTests.xctest; sourceTree = BUILT_PRODUCTS_DIR; };
		D551A35F1F307C8D005144F5 /* XquHome_TeacherTests.m */ = {isa = PBXFileReference; lastKnownFileType = sourcecode.c.objc; path = XquHome_TeacherTests.m; sourceTree = "<group>"; };
		D551A3611F307C8D005144F5 /* Info.plist */ = {isa = PBXFileReference; lastKnownFileType = text.plist.xml; path = Info.plist; sourceTree = "<group>"; };
		D551A3661F307C8D005144F5 /* XquHome_TeacherUITests.xctest */ = {isa = PBXFileReference; explicitFileType = wrapper.cfbundle; includeInIndex = 0; path = XquHome_TeacherUITests.xctest; sourceTree = BUILT_PRODUCTS_DIR; };
		D551A36A1F307C8D005144F5 /* XquHome_TeacherUITests.m */ = {isa = PBXFileReference; lastKnownFileType = sourcecode.c.objc; path = XquHome_TeacherUITests.m; sourceTree = "<group>"; };
		D551A36C1F307C8D005144F5 /* Info.plist */ = {isa = PBXFileReference; lastKnownFileType = text.plist.xml; path = Info.plist; sourceTree = "<group>"; };
		D551A37A1F307CD2005144F5 /* RYAppDelegate.h */ = {isa = PBXFileReference; fileEncoding = 4; lastKnownFileType = sourcecode.c.h; path = RYAppDelegate.h; sourceTree = "<group>"; };
		D551A37B1F307CD2005144F5 /* RYAppDelegate.m */ = {isa = PBXFileReference; fileEncoding = 4; lastKnownFileType = sourcecode.c.objc; path = RYAppDelegate.m; sourceTree = "<group>"; };
		D551A37D1F307CD2005144F5 /* main.m */ = {isa = PBXFileReference; fileEncoding = 4; lastKnownFileType = sourcecode.c.objc; path = main.m; sourceTree = "<group>"; };
		D551A38E1F307CD2005144F5 /* Info.plist */ = {isa = PBXFileReference; fileEncoding = 4; lastKnownFileType = text.plist.xml; path = Info.plist; sourceTree = "<group>"; };
		D551A3C61F308114005144F5 /* RYNavigationController.h */ = {isa = PBXFileReference; fileEncoding = 4; lastKnownFileType = sourcecode.c.h; path = RYNavigationController.h; sourceTree = "<group>"; };
		D551A3C71F308114005144F5 /* RYNavigationController.m */ = {isa = PBXFileReference; fileEncoding = 4; lastKnownFileType = sourcecode.c.objc; path = RYNavigationController.m; sourceTree = "<group>"; };
		D551A3C91F308279005144F5 /* XquHomePrefix.pch */ = {isa = PBXFileReference; fileEncoding = 4; lastKnownFileType = sourcecode.c.h; path = XquHomePrefix.pch; sourceTree = "<group>"; };
		D551A3CA1F3083A3005144F5 /* RYApplicationMacro.h */ = {isa = PBXFileReference; fileEncoding = 4; lastKnownFileType = sourcecode.c.h; path = RYApplicationMacro.h; sourceTree = "<group>"; };
		D551A3CB1F30841A005144F5 /* RYNavigationMacro.h */ = {isa = PBXFileReference; fileEncoding = 4; lastKnownFileType = sourcecode.c.h; path = RYNavigationMacro.h; sourceTree = "<group>"; };
		D551A3CD1F308569005144F5 /* UIImage+Extension.h */ = {isa = PBXFileReference; fileEncoding = 4; lastKnownFileType = sourcecode.c.h; path = "UIImage+Extension.h"; sourceTree = "<group>"; };
		D551A3CE1F308569005144F5 /* UIImage+Extension.m */ = {isa = PBXFileReference; fileEncoding = 4; lastKnownFileType = sourcecode.c.objc; path = "UIImage+Extension.m"; sourceTree = "<group>"; };
		D551A3D01F30880E005144F5 /* UIColor+Extension.h */ = {isa = PBXFileReference; fileEncoding = 4; lastKnownFileType = sourcecode.c.h; path = "UIColor+Extension.h"; sourceTree = "<group>"; };
		D551A3D11F30880E005144F5 /* UIColor+Extension.m */ = {isa = PBXFileReference; fileEncoding = 4; lastKnownFileType = sourcecode.c.objc; path = "UIColor+Extension.m"; sourceTree = "<group>"; };
/* End PBXFileReference section */

/* Begin PBXFrameworksBuildPhase section */
		D551A33F1F307C8D005144F5 /* Frameworks */ = {
			isa = PBXFrameworksBuildPhase;
			buildActionMask = 2147483647;
			files = (
				001D17FF8BCBE2D5A5D03FA0 /* libPods-XquHome_Teacher.a in Frameworks */,
			);
			runOnlyForDeploymentPostprocessing = 0;
		};
		D551A3581F307C8D005144F5 /* Frameworks */ = {
			isa = PBXFrameworksBuildPhase;
			buildActionMask = 2147483647;
			files = (
			);
			runOnlyForDeploymentPostprocessing = 0;
		};
		D551A3631F307C8D005144F5 /* Frameworks */ = {
			isa = PBXFrameworksBuildPhase;
			buildActionMask = 2147483647;
			files = (
			);
			runOnlyForDeploymentPostprocessing = 0;
		};
/* End PBXFrameworksBuildPhase section */

/* Begin PBXGroup section */
		2FA5B388137C13D5BE5DCC05 /* Frameworks */ = {
			isa = PBXGroup;
			children = (
				18103978FF319FB01F2BA9A8 /* libPods-XquHome_Teacher.a */,
			);
			name = Frameworks;
			sourceTree = "<group>";
		};
		CB2F3ADA442376B52CC4B2FC /* Pods */ = {
			isa = PBXGroup;
			children = (
				BFEDC0E36DDF2B2D282F4442 /* Pods-XquHome_Teacher.debug.xcconfig */,
				27476F8BF253027A8B89E7BE /* Pods-XquHome_Teacher.release.xcconfig */,
			);
			name = Pods;
			sourceTree = "<group>";
		};
		D5131E301F31A412009543AD /* Home */ = {
			isa = PBXGroup;
			children = (
				D5131E311F31A412009543AD /* Controllers */,
				D5131E321F31A412009543AD /* Models */,
				D5131E351F31A412009543AD /* Presenters */,
				D5131E361F31A412009543AD /* Services */,
				D5131E371F31A412009543AD /* Views */,
			);
			path = Home;
			sourceTree = "<group>";
		};
		D5131E311F31A412009543AD /* Controllers */ = {
			isa = PBXGroup;
			children = (
				D5131E5B1F31A4DF009543AD /* RYHomeViewController.h */,
				D5131E5C1F31A4DF009543AD /* RYHomeViewController.m */,
			);
			path = Controllers;
			sourceTree = "<group>";
		};
		D5131E321F31A412009543AD /* Models */ = {
			isa = PBXGroup;
			children = (
				D5131E331F31A412009543AD /* RequestModel */,
				D5131E341F31A412009543AD /* ResponseModel */,
			);
			path = Models;
			sourceTree = "<group>";
		};
		D5131E331F31A412009543AD /* RequestModel */ = {
			isa = PBXGroup;
			children = (
			);
			path = RequestModel;
			sourceTree = "<group>";
		};
		D5131E341F31A412009543AD /* ResponseModel */ = {
			isa = PBXGroup;
			children = (
			);
			path = ResponseModel;
			sourceTree = "<group>";
		};
		D5131E351F31A412009543AD /* Presenters */ = {
			isa = PBXGroup;
			children = (
			);
			path = Presenters;
			sourceTree = "<group>";
		};
		D5131E361F31A412009543AD /* Services */ = {
			isa = PBXGroup;
			children = (
			);
			path = Services;
			sourceTree = "<group>";
		};
		D5131E371F31A412009543AD /* Views */ = {
			isa = PBXGroup;
			children = (
			);
			path = Views;
			sourceTree = "<group>";
		};
		D5131E381F31A412009543AD /* Login */ = {
			isa = PBXGroup;
			children = (
				D5131E391F31A412009543AD /* Controllers */,
				D5131E3A1F31A412009543AD /* Models */,
				D5131E3D1F31A412009543AD /* Presenters */,
				D5131E3E1F31A412009543AD /* Services */,
				D5131E3F1F31A412009543AD /* Views */,
			);
			path = Login;
			sourceTree = "<group>";
		};
		D5131E391F31A412009543AD /* Controllers */ = {
			isa = PBXGroup;
			children = (
				D5131E581F31A4BD009543AD /* RYLoginViewController.h */,
				D5131E591F31A4BD009543AD /* RYLoginViewController.m */,
			);
			path = Controllers;
			sourceTree = "<group>";
		};
		D5131E3A1F31A412009543AD /* Models */ = {
			isa = PBXGroup;
			children = (
				D5131E3B1F31A412009543AD /* RequestModel */,
				D5131E3C1F31A412009543AD /* ResponseModel */,
			);
			path = Models;
			sourceTree = "<group>";
		};
		D5131E3B1F31A412009543AD /* RequestModel */ = {
			isa = PBXGroup;
			children = (
			);
			path = RequestModel;
			sourceTree = "<group>";
		};
		D5131E3C1F31A412009543AD /* ResponseModel */ = {
			isa = PBXGroup;
			children = (
			);
			path = ResponseModel;
			sourceTree = "<group>";
		};
		D5131E3D1F31A412009543AD /* Presenters */ = {
			isa = PBXGroup;
			children = (
			);
			path = Presenters;
			sourceTree = "<group>";
		};
		D5131E3E1F31A412009543AD /* Services */ = {
			isa = PBXGroup;
			children = (
			);
			path = Services;
			sourceTree = "<group>";
		};
		D5131E3F1F31A412009543AD /* Views */ = {
			isa = PBXGroup;
			children = (
			);
			path = Views;
			sourceTree = "<group>";
		};
		D5131E401F31A412009543AD /* NewFeature */ = {
			isa = PBXGroup;
			children = (
				D5131E411F31A412009543AD /* Controllers */,
				D5131E421F31A412009543AD /* Models */,
				D5131E451F31A412009543AD /* Presenters */,
				D5131E461F31A412009543AD /* Services */,
				D5131E471F31A412009543AD /* Views */,
			);
			path = NewFeature;
			sourceTree = "<group>";
		};
		D5131E411F31A412009543AD /* Controllers */ = {
			isa = PBXGroup;
			children = (
				D5131E731F31C72A009543AD /* RYNewFeatureViewController.h */,
				D5131E741F31C72A009543AD /* RYNewFeatureViewController.m */,
			);
			path = Controllers;
			sourceTree = "<group>";
		};
		D5131E421F31A412009543AD /* Models */ = {
			isa = PBXGroup;
			children = (
				D5131E431F31A412009543AD /* RequestModel */,
				D5131E441F31A412009543AD /* ResponseModel */,
			);
			path = Models;
			sourceTree = "<group>";
		};
		D5131E431F31A412009543AD /* RequestModel */ = {
			isa = PBXGroup;
			children = (
			);
			path = RequestModel;
			sourceTree = "<group>";
		};
		D5131E441F31A412009543AD /* ResponseModel */ = {
			isa = PBXGroup;
			children = (
			);
			path = ResponseModel;
			sourceTree = "<group>";
		};
		D5131E451F31A412009543AD /* Presenters */ = {
			isa = PBXGroup;
			children = (
			);
			path = Presenters;
			sourceTree = "<group>";
		};
		D5131E461F31A412009543AD /* Services */ = {
			isa = PBXGroup;
			children = (
			);
			path = Services;
			sourceTree = "<group>";
		};
		D5131E471F31A412009543AD /* Views */ = {
			isa = PBXGroup;
			children = (
				D5131E791F31CE6A009543AD /* RYNewFeatureCollectionViewCell.h */,
				D5131E7A1F31CE6A009543AD /* RYNewFeatureCollectionViewCell.m */,
			);
			path = Views;
			sourceTree = "<group>";
		};
		D5131E481F31A412009543AD /* Order */ = {
			isa = PBXGroup;
			children = (
				D5131E491F31A412009543AD /* Controllers */,
				D5131E4A1F31A412009543AD /* Models */,
				D5131E4D1F31A412009543AD /* Presenters */,
				D5131E4E1F31A412009543AD /* Services */,
				D5131E4F1F31A412009543AD /* Views */,
			);
			path = Order;
			sourceTree = "<group>";
		};
		D5131E491F31A412009543AD /* Controllers */ = {
			isa = PBXGroup;
			children = (
				D5131E5E1F31A4F9009543AD /* RYOrderViewController.h */,
				D5131E5F1F31A4F9009543AD /* RYOrderViewController.m */,
			);
			path = Controllers;
			sourceTree = "<group>";
		};
		D5131E4A1F31A412009543AD /* Models */ = {
			isa = PBXGroup;
			children = (
				D5131E4B1F31A412009543AD /* RequestModel */,
				D5131E4C1F31A412009543AD /* ResponseModel */,
			);
			path = Models;
			sourceTree = "<group>";
		};
		D5131E4B1F31A412009543AD /* RequestModel */ = {
			isa = PBXGroup;
			children = (
			);
			path = RequestModel;
			sourceTree = "<group>";
		};
		D5131E4C1F31A412009543AD /* ResponseModel */ = {
			isa = PBXGroup;
			children = (
			);
			path = ResponseModel;
			sourceTree = "<group>";
		};
		D5131E4D1F31A412009543AD /* Presenters */ = {
			isa = PBXGroup;
			children = (
			);
			path = Presenters;
			sourceTree = "<group>";
		};
		D5131E4E1F31A412009543AD /* Services */ = {
			isa = PBXGroup;
			children = (
			);
			path = Services;
			sourceTree = "<group>";
		};
		D5131E4F1F31A412009543AD /* Views */ = {
			isa = PBXGroup;
			children = (
			);
			path = Views;
			sourceTree = "<group>";
		};
		D5131E501F31A412009543AD /* Users */ = {
			isa = PBXGroup;
			children = (
				D5131E511F31A412009543AD /* Controllers */,
				D5131E521F31A412009543AD /* Models */,
				D5131E551F31A412009543AD /* Presenters */,
				D5131E561F31A412009543AD /* Services */,
				D5131E571F31A412009543AD /* Views */,
			);
			path = Users;
			sourceTree = "<group>";
		};
		D5131E511F31A412009543AD /* Controllers */ = {
			isa = PBXGroup;
			children = (
				D5131E611F31A506009543AD /* RYUserViewController.h */,
				D5131E621F31A506009543AD /* RYUserViewController.m */,
			);
			path = Controllers;
			sourceTree = "<group>";
		};
		D5131E521F31A412009543AD /* Models */ = {
			isa = PBXGroup;
			children = (
				D5131E531F31A412009543AD /* RequestModel */,
				D5131E541F31A412009543AD /* ResponseModel */,
			);
			path = Models;
			sourceTree = "<group>";
		};
		D5131E531F31A412009543AD /* RequestModel */ = {
			isa = PBXGroup;
			children = (
			);
			path = RequestModel;
			sourceTree = "<group>";
		};
		D5131E541F31A412009543AD /* ResponseModel */ = {
			isa = PBXGroup;
			children = (
			);
			path = ResponseModel;
			sourceTree = "<group>";
		};
		D5131E551F31A412009543AD /* Presenters */ = {
			isa = PBXGroup;
			children = (
			);
			path = Presenters;
			sourceTree = "<group>";
		};
		D5131E561F31A412009543AD /* Services */ = {
			isa = PBXGroup;
			children = (
			);
			path = Services;
			sourceTree = "<group>";
		};
		D5131E571F31A412009543AD /* Views */ = {
			isa = PBXGroup;
			children = (
			);
			path = Views;
			sourceTree = "<group>";
		};
		D5131E821F3307C6009543AD /* WRNavigationBar */ = {
			isa = PBXGroup;
			children = (
				D5131E831F3307C6009543AD /* WRNavigationBar.h */,
				D5131E841F3307C6009543AD /* WRNavigationBar.m */,
			);
			path = WRNavigationBar;
			sourceTree = "<group>";
		};
		D551A3391F307C8D005144F5 = {
			isa = PBXGroup;
			children = (
				D551A3441F307C8D005144F5 /* XquHome_Teacher */,
				D551A35E1F307C8D005144F5 /* XquHome_TeacherTests */,
				D551A3691F307C8D005144F5 /* XquHome_TeacherUITests */,
				D551A3431F307C8D005144F5 /* Products */,
				CB2F3ADA442376B52CC4B2FC /* Pods */,
				2FA5B388137C13D5BE5DCC05 /* Frameworks */,
			);
			sourceTree = "<group>";
		};
		D551A3431F307C8D005144F5 /* Products */ = {
			isa = PBXGroup;
			children = (
				D551A3421F307C8D005144F5 /* XquHome_Teacher.app */,
				D551A35B1F307C8D005144F5 /* XquHome_TeacherTests.xctest */,
				D551A3661F307C8D005144F5 /* XquHome_TeacherUITests.xctest */,
			);
			name = Products;
			sourceTree = "<group>";
		};
		D551A3441F307C8D005144F5 /* XquHome_Teacher */ = {
			isa = PBXGroup;
			children = (
				D551A3781F307CD2005144F5 /* Classes */,
				D551A3451F307C8D005144F5 /* Supporting Files */,
			);
			path = XquHome_Teacher;
			sourceTree = "<group>";
		};
		D551A3451F307C8D005144F5 /* Supporting Files */ = {
			isa = PBXGroup;
			children = (
				D551A3511F307C8D005144F5 /* Assets.xcassets */,
			);
			name = "Supporting Files";
			sourceTree = "<group>";
		};
		D551A35E1F307C8D005144F5 /* XquHome_TeacherTests */ = {
			isa = PBXGroup;
			children = (
				D551A35F1F307C8D005144F5 /* XquHome_TeacherTests.m */,
				D551A3611F307C8D005144F5 /* Info.plist */,
			);
			path = XquHome_TeacherTests;
			sourceTree = "<group>";
		};
		D551A3691F307C8D005144F5 /* XquHome_TeacherUITests */ = {
			isa = PBXGroup;
			children = (
				D551A36A1F307C8D005144F5 /* XquHome_TeacherUITests.m */,
				D551A36C1F307C8D005144F5 /* Info.plist */,
			);
			path = XquHome_TeacherUITests;
			sourceTree = "<group>";
		};
		D551A3781F307CD2005144F5 /* Classes */ = {
			isa = PBXGroup;
			children = (
				D551A3791F307CD2005144F5 /* AppDelegate */,
				D551A37C1F307CD2005144F5 /* AppMain */,
				D551A37E1F307CD2005144F5 /* General */,
				D551A3851F307CD2005144F5 /* Macros */,
				D551A3881F307CD2005144F5 /* Resuorce */,
				D551A3901F307CD2005144F5 /* Sections */,
				D551A3C01F307CD2005144F5 /* Utilities */,
				D551A3C11F307CD2005144F5 /* Venders */,
			);
			path = Classes;
			sourceTree = "<group>";
		};
		D551A3791F307CD2005144F5 /* AppDelegate */ = {
			isa = PBXGroup;
			children = (
				D551A37A1F307CD2005144F5 /* RYAppDelegate.h */,
				D551A37B1F307CD2005144F5 /* RYAppDelegate.m */,
				D5131E7F1F32F93B009543AD /* RYAppDelegateExtension.h */,
				D5131E801F32F93B009543AD /* RYAppDelegateExtension.m */,
			);
			path = AppDelegate;
			sourceTree = "<group>";
		};
		D551A37C1F307CD2005144F5 /* AppMain */ = {
			isa = PBXGroup;
			children = (
				D551A37D1F307CD2005144F5 /* main.m */,
			);
			path = AppMain;
			sourceTree = "<group>";
		};
		D551A37E1F307CD2005144F5 /* General */ = {
			isa = PBXGroup;
			children = (
				D551A37F1F307CD2005144F5 /* Categories */,
				D551A3801F307CD2005144F5 /* Controllers */,
				D551A3811F307CD2005144F5 /* Models */,
				D551A3821F307CD2005144F5 /* Presenters */,
				D551A3831F307CD2005144F5 /* Services */,
				D551A3841F307CD2005144F5 /* Views */,
			);
			path = General;
			sourceTree = "<group>";
		};
		D551A37F1F307CD2005144F5 /* Categories */ = {
			isa = PBXGroup;
			children = (
				D551A3CD1F308569005144F5 /* UIImage+Extension.h */,
				D551A3CE1F308569005144F5 /* UIImage+Extension.m */,
				D551A3D01F30880E005144F5 /* UIColor+Extension.h */,
				D551A3D11F30880E005144F5 /* UIColor+Extension.m */,
				D5131E6D1F31A771009543AD /* UIView+Extension.h */,
				D5131E6E1F31A771009543AD /* UIView+Extension.m */,
			);
			path = Categories;
			sourceTree = "<group>";
		};
		D551A3801F307CD2005144F5 /* Controllers */ = {
			isa = PBXGroup;
			children = (
				D551A3C61F308114005144F5 /* RYNavigationController.h */,
				D551A3C71F308114005144F5 /* RYNavigationController.m */,
				D5131E641F31A5A1009543AD /* RYTabBarController.h */,
				D5131E651F31A5A1009543AD /* RYTabBarController.m */,
			);
			path = Controllers;
			sourceTree = "<group>";
		};
		D551A3811F307CD2005144F5 /* Models */ = {
			isa = PBXGroup;
			children = (
			);
			path = Models;
			sourceTree = "<group>";
		};
		D551A3821F307CD2005144F5 /* Presenters */ = {
			isa = PBXGroup;
			children = (
			);
			path = Presenters;
			sourceTree = "<group>";
		};
		D551A3831F307CD2005144F5 /* Services */ = {
			isa = PBXGroup;
			children = (
			);
			path = Services;
			sourceTree = "<group>";
		};
		D551A3841F307CD2005144F5 /* Views */ = {
			isa = PBXGroup;
			children = (
				D5131E671F31A5EF009543AD /* RYTabBar.h */,
				D5131E681F31A5EF009543AD /* RYTabBar.m */,
				D5131E6A1F31A72C009543AD /* RYBarButton.h */,
				D5131E6B1F31A72C009543AD /* RYBarButton.m */,
			);
			path = Views;
			sourceTree = "<group>";
		};
		D551A3851F307CD2005144F5 /* Macros */ = {
			isa = PBXGroup;
			children = (
				D551A3861F307CD2005144F5 /* Consts */,
				D551A3871F307CD2005144F5 /* Macros */,
				D551A3C91F308279005144F5 /* XquHomePrefix.pch */,
			);
			path = Macros;
			sourceTree = "<group>";
		};
		D551A3861F307CD2005144F5 /* Consts */ = {
			isa = PBXGroup;
			children = (
			);
			path = Consts;
			sourceTree = "<group>";
		};
		D551A3871F307CD2005144F5 /* Macros */ = {
			isa = PBXGroup;
			children = (
				D551A3CA1F3083A3005144F5 /* RYApplicationMacro.h */,
				D551A3CB1F30841A005144F5 /* RYNavigationMacro.h */,
			);
			path = Macros;
			sourceTree = "<group>";
		};
		D551A3881F307CD2005144F5 /* Resuorce */ = {
			isa = PBXGroup;
			children = (
				D551A3891F307CD2005144F5 /* Audios */,
				D551A38A1F307CD2005144F5 /* Files */,
				D551A38F1F307CD2005144F5 /* Videos */,
			);
			path = Resuorce;
			sourceTree = "<group>";
		};
		D551A3891F307CD2005144F5 /* Audios */ = {
			isa = PBXGroup;
			children = (
			);
			path = Audios;
			sourceTree = "<group>";
		};
		D551A38A1F307CD2005144F5 /* Files */ = {
			isa = PBXGroup;
			children = (
				D551A38B1F307CD2005144F5 /* Images */,
				D551A38C1F307CD2005144F5 /* Locals */,
				D551A38D1F307CD2005144F5 /* Plists */,
			);
			path = Files;
			sourceTree = "<group>";
		};
		D551A38B1F307CD2005144F5 /* Images */ = {
			isa = PBXGroup;
			children = (
			);
			path = Images;
			sourceTree = "<group>";
		};
		D551A38C1F307CD2005144F5 /* Locals */ = {
			isa = PBXGroup;
			children = (
			);
			path = Locals;
			sourceTree = "<group>";
		};
		D551A38D1F307CD2005144F5 /* Plists */ = {
			isa = PBXGroup;
			children = (
				D551A38E1F307CD2005144F5 /* Info.plist */,
			);
			path = Plists;
			sourceTree = "<group>";
		};
		D551A38F1F307CD2005144F5 /* Videos */ = {
			isa = PBXGroup;
			children = (
			);
			path = Videos;
			sourceTree = "<group>";
		};
		D551A3901F307CD2005144F5 /* Sections */ = {
			isa = PBXGroup;
			children = (
				D5131E381F31A412009543AD /* Login */,
				D5131E301F31A412009543AD /* Home */,
				D5131E481F31A412009543AD /* Order */,
				D5131E501F31A412009543AD /* Users */,
				D5131E401F31A412009543AD /* NewFeature */,
			);
			path = Sections;
			sourceTree = "<group>";
		};
		D551A3C01F307CD2005144F5 /* Utilities */ = {
			isa = PBXGroup;
			children = (
				D5131E701F31C212009543AD /* RYChoseViewController.h */,
				D5131E711F31C212009543AD /* RYChoseViewController.m */,
				D5131E761F31C793009543AD /* RYSaveDataLocationUtil.h */,
				D5131E771F31C793009543AD /* RYSaveDataLocationUtil.m */,
			);
			path = Utilities;
			sourceTree = "<group>";
		};
		D551A3C11F307CD2005144F5 /* Venders */ = {
			isa = PBXGroup;
			children = (
				D5131E821F3307C6009543AD /* WRNavigationBar */,
			);
			path = Venders;
			sourceTree = "<group>";
		};
/* End PBXGroup section */

/* Begin PBXNativeTarget section */
		D551A3411F307C8D005144F5 /* XquHome_Teacher */ = {
			isa = PBXNativeTarget;
			buildConfigurationList = D551A36F1F307C8D005144F5 /* Build configuration list for PBXNativeTarget "XquHome_Teacher" */;
			buildPhases = (
				6D8D28AF6E49C5C8F8D004BC /* [CP] Check Pods Manifest.lock */,
				D551A33E1F307C8D005144F5 /* Sources */,
				D551A33F1F307C8D005144F5 /* Frameworks */,
				D551A3401F307C8D005144F5 /* Resources */,
				CFB93F07D1C7D974F3392911 /* [CP] Embed Pods Frameworks */,
				38FE84E7C61418055BD66A5B /* [CP] Copy Pods Resources */,
			);
			buildRules = (
			);
			dependencies = (
			);
			name = XquHome_Teacher;
			productName = XquHome_Teacher;
			productReference = D551A3421F307C8D005144F5 /* XquHome_Teacher.app */;
			productType = "com.apple.product-type.application";
		};
		D551A35A1F307C8D005144F5 /* XquHome_TeacherTests */ = {
			isa = PBXNativeTarget;
			buildConfigurationList = D551A3721F307C8D005144F5 /* Build configuration list for PBXNativeTarget "XquHome_TeacherTests" */;
			buildPhases = (
				D551A3571F307C8D005144F5 /* Sources */,
				D551A3581F307C8D005144F5 /* Frameworks */,
				D551A3591F307C8D005144F5 /* Resources */,
			);
			buildRules = (
			);
			dependencies = (
				D551A35D1F307C8D005144F5 /* PBXTargetDependency */,
			);
			name = XquHome_TeacherTests;
			productName = XquHome_TeacherTests;
			productReference = D551A35B1F307C8D005144F5 /* XquHome_TeacherTests.xctest */;
			productType = "com.apple.product-type.bundle.unit-test";
		};
		D551A3651F307C8D005144F5 /* XquHome_TeacherUITests */ = {
			isa = PBXNativeTarget;
			buildConfigurationList = D551A3751F307C8D005144F5 /* Build configuration list for PBXNativeTarget "XquHome_TeacherUITests" */;
			buildPhases = (
				D551A3621F307C8D005144F5 /* Sources */,
				D551A3631F307C8D005144F5 /* Frameworks */,
				D551A3641F307C8D005144F5 /* Resources */,
			);
			buildRules = (
			);
			dependencies = (
				D551A3681F307C8D005144F5 /* PBXTargetDependency */,
			);
			name = XquHome_TeacherUITests;
			productName = XquHome_TeacherUITests;
			productReference = D551A3661F307C8D005144F5 /* XquHome_TeacherUITests.xctest */;
			productType = "com.apple.product-type.bundle.ui-testing";
		};
/* End PBXNativeTarget section */

/* Begin PBXProject section */
		D551A33A1F307C8D005144F5 /* Project object */ = {
			isa = PBXProject;
			attributes = {
				CLASSPREFIX = RY;
				LastUpgradeCheck = 0830;
				ORGANIZATIONNAME = Rainer;
				TargetAttributes = {
					D551A3411F307C8D005144F5 = {
						CreatedOnToolsVersion = 8.3.3;
						DevelopmentTeam = TYM245E8PV;
						ProvisioningStyle = Automatic;
					};
					D551A35A1F307C8D005144F5 = {
						CreatedOnToolsVersion = 8.3.3;
						DevelopmentTeam = TYM245E8PV;
						ProvisioningStyle = Automatic;
						TestTargetID = D551A3411F307C8D005144F5;
					};
					D551A3651F307C8D005144F5 = {
						CreatedOnToolsVersion = 8.3.3;
						DevelopmentTeam = TYM245E8PV;
						ProvisioningStyle = Automatic;
						TestTargetID = D551A3411F307C8D005144F5;
					};
				};
			};
			buildConfigurationList = D551A33D1F307C8D005144F5 /* Build configuration list for PBXProject "XquHome_Teacher" */;
			compatibilityVersion = "Xcode 3.2";
			developmentRegion = English;
			hasScannedForEncodings = 0;
			knownRegions = (
				en,
				Base,
			);
			mainGroup = D551A3391F307C8D005144F5;
			productRefGroup = D551A3431F307C8D005144F5 /* Products */;
			projectDirPath = "";
			projectRoot = "";
			targets = (
				D551A3411F307C8D005144F5 /* XquHome_Teacher */,
				D551A35A1F307C8D005144F5 /* XquHome_TeacherTests */,
				D551A3651F307C8D005144F5 /* XquHome_TeacherUITests */,
			);
		};
/* End PBXProject section */

/* Begin PBXResourcesBuildPhase section */
		D551A3401F307C8D005144F5 /* Resources */ = {
			isa = PBXResourcesBuildPhase;
			buildActionMask = 2147483647;
			files = (
				D551A3521F307C8D005144F5 /* Assets.xcassets in Resources */,
			);
			runOnlyForDeploymentPostprocessing = 0;
		};
		D551A3591F307C8D005144F5 /* Resources */ = {
			isa = PBXResourcesBuildPhase;
			buildActionMask = 2147483647;
			files = (
			);
			runOnlyForDeploymentPostprocessing = 0;
		};
		D551A3641F307C8D005144F5 /* Resources */ = {
			isa = PBXResourcesBuildPhase;
			buildActionMask = 2147483647;
			files = (
			);
			runOnlyForDeploymentPostprocessing = 0;
		};
/* End PBXResourcesBuildPhase section */

/* Begin PBXShellScriptBuildPhase section */
		38FE84E7C61418055BD66A5B /* [CP] Copy Pods Resources */ = {
			isa = PBXShellScriptBuildPhase;
			buildActionMask = 2147483647;
			files = (
			);
			inputPaths = (
			);
			name = "[CP] Copy Pods Resources";
			outputPaths = (
			);
			runOnlyForDeploymentPostprocessing = 0;
			shellPath = /bin/sh;
			shellScript = "\"${SRCROOT}/Pods/Target Support Files/Pods-XquHome_Teacher/Pods-XquHome_Teacher-resources.sh\"\n";
			showEnvVarsInLog = 0;
		};
		6D8D28AF6E49C5C8F8D004BC /* [CP] Check Pods Manifest.lock */ = {
			isa = PBXShellScriptBuildPhase;
			buildActionMask = 2147483647;
			files = (
			);
			inputPaths = (
			);
			name = "[CP] Check Pods Manifest.lock";
			outputPaths = (
			);
			runOnlyForDeploymentPostprocessing = 0;
			shellPath = /bin/sh;
			shellScript = "diff \"${PODS_ROOT}/../Podfile.lock\" \"${PODS_ROOT}/Manifest.lock\" > /dev/null\nif [ $? != 0 ] ; then\n    # print error to STDERR\n    echo \"error: The sandbox is not in sync with the Podfile.lock. Run 'pod install' or update your CocoaPods installation.\" >&2\n    exit 1\nfi\n";
			showEnvVarsInLog = 0;
		};
		CFB93F07D1C7D974F3392911 /* [CP] Embed Pods Frameworks */ = {
			isa = PBXShellScriptBuildPhase;
			buildActionMask = 2147483647;
			files = (
			);
			inputPaths = (
			);
			name = "[CP] Embed Pods Frameworks";
			outputPaths = (
			);
			runOnlyForDeploymentPostprocessing = 0;
			shellPath = /bin/sh;
			shellScript = "\"${SRCROOT}/Pods/Target Support Files/Pods-XquHome_Teacher/Pods-XquHome_Teacher-frameworks.sh\"\n";
			showEnvVarsInLog = 0;
		};
/* End PBXShellScriptBuildPhase section */

/* Begin PBXSourcesBuildPhase section */
		D551A33E1F307C8D005144F5 /* Sources */ = {
			isa = PBXSourcesBuildPhase;
			buildActionMask = 2147483647;
			files = (
				D5131E6C1F31A72C009543AD /* RYBarButton.m in Sources */,
				D5131E631F31A506009543AD /* RYUserViewController.m in Sources */,
				D5131E851F3307C6009543AD /* WRNavigationBar.m in Sources */,
				D5131E6F1F31A771009543AD /* UIView+Extension.m in Sources */,
				D5131E751F31C72A009543AD /* RYNewFeatureViewController.m in Sources */,
				D551A3CF1F308569005144F5 /* UIImage+Extension.m in Sources */,
				D551A3D21F30880E005144F5 /* UIColor+Extension.m in Sources */,
				D5131E5A1F31A4BD009543AD /* RYLoginViewController.m in Sources */,
				D5131E721F31C212009543AD /* RYChoseViewController.m in Sources */,
				D5131E601F31A4F9009543AD /* RYOrderViewController.m in Sources */,
				D5131E691F31A5EF009543AD /* RYTabBar.m in Sources */,
				D551A3C31F307CD2005144F5 /* main.m in Sources */,
				D5131E661F31A5A1009543AD /* RYTabBarController.m in Sources */,
				D5131E7B1F31CE6A009543AD /* RYNewFeatureCollectionViewCell.m in Sources */,
				D5131E811F32F93B009543AD /* RYAppDelegateExtension.m in Sources */,
				D551A3C81F308114005144F5 /* RYNavigationController.m in Sources */,
				D5131E5D1F31A4DF009543AD /* RYHomeViewController.m in Sources */,
				D5131E781F31C793009543AD /* RYSaveDataLocationUtil.m in Sources */,
				D551A3C21F307CD2005144F5 /* RYAppDelegate.m in Sources */,
			);
			runOnlyForDeploymentPostprocessing = 0;
		};
		D551A3571F307C8D005144F5 /* Sources */ = {
			isa = PBXSourcesBuildPhase;
			buildActionMask = 2147483647;
			files = (
				D551A3601F307C8D005144F5 /* XquHome_TeacherTests.m in Sources */,
			);
			runOnlyForDeploymentPostprocessing = 0;
		};
		D551A3621F307C8D005144F5 /* Sources */ = {
			isa = PBXSourcesBuildPhase;
			buildActionMask = 2147483647;
			files = (
				D551A36B1F307C8D005144F5 /* XquHome_TeacherUITests.m in Sources */,
			);
			runOnlyForDeploymentPostprocessing = 0;
		};
/* End PBXSourcesBuildPhase section */

/* Begin PBXTargetDependency section */
		D551A35D1F307C8D005144F5 /* PBXTargetDependency */ = {
			isa = PBXTargetDependency;
			target = D551A3411F307C8D005144F5 /* XquHome_Teacher */;
			targetProxy = D551A35C1F307C8D005144F5 /* PBXContainerItemProxy */;
		};
		D551A3681F307C8D005144F5 /* PBXTargetDependency */ = {
			isa = PBXTargetDependency;
			target = D551A3411F307C8D005144F5 /* XquHome_Teacher */;
			targetProxy = D551A3671F307C8D005144F5 /* PBXContainerItemProxy */;
		};
/* End PBXTargetDependency section */

/* Begin XCBuildConfiguration section */
		D551A36D1F307C8D005144F5 /* Debug */ = {
			isa = XCBuildConfiguration;
			buildSettings = {
				ALWAYS_SEARCH_USER_PATHS = NO;
				CLANG_ANALYZER_NONNULL = YES;
				CLANG_ANALYZER_NUMBER_OBJECT_CONVERSION = YES_AGGRESSIVE;
				CLANG_CXX_LANGUAGE_STANDARD = "gnu++0x";
				CLANG_CXX_LIBRARY = "libc++";
				CLANG_ENABLE_MODULES = YES;
				CLANG_ENABLE_OBJC_ARC = YES;
				CLANG_WARN_BOOL_CONVERSION = YES;
				CLANG_WARN_CONSTANT_CONVERSION = YES;
				CLANG_WARN_DIRECT_OBJC_ISA_USAGE = YES_ERROR;
				CLANG_WARN_DOCUMENTATION_COMMENTS = YES;
				CLANG_WARN_EMPTY_BODY = YES;
				CLANG_WARN_ENUM_CONVERSION = YES;
				CLANG_WARN_INFINITE_RECURSION = YES;
				CLANG_WARN_INT_CONVERSION = YES;
				CLANG_WARN_OBJC_ROOT_CLASS = YES_ERROR;
				CLANG_WARN_SUSPICIOUS_MOVE = YES;
				CLANG_WARN_UNREACHABLE_CODE = YES;
				CLANG_WARN__DUPLICATE_METHOD_MATCH = YES;
				"CODE_SIGN_IDENTITY[sdk=iphoneos*]" = "iPhone Developer";
				COPY_PHASE_STRIP = NO;
				DEBUG_INFORMATION_FORMAT = dwarf;
				ENABLE_STRICT_OBJC_MSGSEND = YES;
				ENABLE_TESTABILITY = YES;
				GCC_C_LANGUAGE_STANDARD = gnu99;
				GCC_DYNAMIC_NO_PIC = NO;
				GCC_NO_COMMON_BLOCKS = YES;
				GCC_OPTIMIZATION_LEVEL = 0;
				GCC_PREFIX_HEADER = /Users/Rainer/Documents/WorkSpace/XcodeSpace/NewXquHome/XquHome_Teacher/XquHome_Teacher/Classes/Macros/XquHomePrefix.pch;
				GCC_PREPROCESSOR_DEFINITIONS = (
					"DEBUG=1",
					"$(inherited)",
				);
				GCC_WARN_64_TO_32_BIT_CONVERSION = YES;
				GCC_WARN_ABOUT_RETURN_TYPE = YES_ERROR;
				GCC_WARN_UNDECLARED_SELECTOR = YES;
				GCC_WARN_UNINITIALIZED_AUTOS = YES_AGGRESSIVE;
				GCC_WARN_UNUSED_FUNCTION = YES;
				GCC_WARN_UNUSED_VARIABLE = YES;
				IPHONEOS_DEPLOYMENT_TARGET = 8.0;
				MTL_ENABLE_DEBUG_INFO = YES;
				ONLY_ACTIVE_ARCH = YES;
				SDKROOT = iphoneos;
			};
			name = Debug;
		};
		D551A36E1F307C8D005144F5 /* Release */ = {
			isa = XCBuildConfiguration;
			buildSettings = {
				ALWAYS_SEARCH_USER_PATHS = NO;
				CLANG_ANALYZER_NONNULL = YES;
				CLANG_ANALYZER_NUMBER_OBJECT_CONVERSION = YES_AGGRESSIVE;
				CLANG_CXX_LANGUAGE_STANDARD = "gnu++0x";
				CLANG_CXX_LIBRARY = "libc++";
				CLANG_ENABLE_MODULES = YES;
				CLANG_ENABLE_OBJC_ARC = YES;
				CLANG_WARN_BOOL_CONVERSION = YES;
				CLANG_WARN_CONSTANT_CONVERSION = YES;
				CLANG_WARN_DIRECT_OBJC_ISA_USAGE = YES_ERROR;
				CLANG_WARN_DOCUMENTATION_COMMENTS = YES;
				CLANG_WARN_EMPTY_BODY = YES;
				CLANG_WARN_ENUM_CONVERSION = YES;
				CLANG_WARN_INFINITE_RECURSION = YES;
				CLANG_WARN_INT_CONVERSION = YES;
				CLANG_WARN_OBJC_ROOT_CLASS = YES_ERROR;
				CLANG_WARN_SUSPICIOUS_MOVE = YES;
				CLANG_WARN_UNREACHABLE_CODE = YES;
				CLANG_WARN__DUPLICATE_METHOD_MATCH = YES;
				"CODE_SIGN_IDENTITY[sdk=iphoneos*]" = "iPhone Developer";
				COPY_PHASE_STRIP = NO;
				DEBUG_INFORMATION_FORMAT = "dwarf-with-dsym";
				ENABLE_NS_ASSERTIONS = NO;
				ENABLE_STRICT_OBJC_MSGSEND = YES;
				GCC_C_LANGUAGE_STANDARD = gnu99;
				GCC_NO_COMMON_BLOCKS = YES;
				GCC_PREFIX_HEADER = /Users/Rainer/Documents/WorkSpace/XcodeSpace/NewXquHome/XquHome_Teacher/XquHome_Teacher/Classes/Macros/XquHomePrefix.pch;
				GCC_WARN_64_TO_32_BIT_CONVERSION = YES;
				GCC_WARN_ABOUT_RETURN_TYPE = YES_ERROR;
				GCC_WARN_UNDECLARED_SELECTOR = YES;
				GCC_WARN_UNINITIALIZED_AUTOS = YES_AGGRESSIVE;
				GCC_WARN_UNUSED_FUNCTION = YES;
				GCC_WARN_UNUSED_VARIABLE = YES;
				IPHONEOS_DEPLOYMENT_TARGET = 8.0;
				MTL_ENABLE_DEBUG_INFO = NO;
				SDKROOT = iphoneos;
				VALIDATE_PRODUCT = YES;
			};
			name = Release;
		};
		D551A3701F307C8D005144F5 /* Debug */ = {
			isa = XCBuildConfiguration;
			baseConfigurationReference = BFEDC0E36DDF2B2D282F4442 /* Pods-XquHome_Teacher.debug.xcconfig */;
			buildSettings = {
				ASSETCATALOG_COMPILER_APPICON_NAME = AppIcon;
				ASSETCATALOG_COMPILER_LAUNCHIMAGE_NAME = LaunchImage;
				DEVELOPMENT_TEAM = TYM245E8PV;
				GCC_PREFIX_HEADER = /Users/Rainer/Documents/WorkSpace/XcodeSpace/NewXquHome/XquHome_Teacher/XquHome_Teacher/Classes/Macros/XquHomePrefix.pch;
				INFOPLIST_FILE = XquHome_Teacher/Classes/Resuorce/Files/Plists/Info.plist;
				IPHONEOS_DEPLOYMENT_TARGET = 8.0;
				LD_RUNPATH_SEARCH_PATHS = "$(inherited) @executable_path/Frameworks";
				PRODUCT_BUNDLE_IDENTIFIER = "com.xquhome.XquHome-Teacher";
				PRODUCT_NAME = "$(TARGET_NAME)";
			};
			name = Debug;
		};
		D551A3711F307C8D005144F5 /* Release */ = {
			isa = XCBuildConfiguration;
			baseConfigurationReference = 27476F8BF253027A8B89E7BE /* Pods-XquHome_Teacher.release.xcconfig */;
			buildSettings = {
				ASSETCATALOG_COMPILER_APPICON_NAME = AppIcon;
				ASSETCATALOG_COMPILER_LAUNCHIMAGE_NAME = LaunchImage;
				DEVELOPMENT_TEAM = TYM245E8PV;
				GCC_PREFIX_HEADER = /Users/Rainer/Documents/WorkSpace/XcodeSpace/NewXquHome/XquHome_Teacher/XquHome_Teacher/Classes/Macros/XquHomePrefix.pch;
				INFOPLIST_FILE = XquHome_Teacher/Classes/Resuorce/Files/Plists/Info.plist;
				IPHONEOS_DEPLOYMENT_TARGET = 8.0;
				LD_RUNPATH_SEARCH_PATHS = "$(inherited) @executable_path/Frameworks";
				PRODUCT_BUNDLE_IDENTIFIER = "com.xquhome.XquHome-Teacher";
				PRODUCT_NAME = "$(TARGET_NAME)";
			};
			name = Release;
		};
		D551A3731F307C8D005144F5 /* Debug */ = {
			isa = XCBuildConfiguration;
			buildSettings = {
				BUNDLE_LOADER = "$(TEST_HOST)";
				DEVELOPMENT_TEAM = TYM245E8PV;
				INFOPLIST_FILE = XquHome_TeacherTests/Info.plist;
				LD_RUNPATH_SEARCH_PATHS = "$(inherited) @executable_path/Frameworks @loader_path/Frameworks";
				PRODUCT_BUNDLE_IDENTIFIER = "com.xquhome.XquHome-TeacherTests";
				PRODUCT_NAME = "$(TARGET_NAME)";
				TEST_HOST = "$(BUILT_PRODUCTS_DIR)/XquHome_Teacher.app/XquHome_Teacher";
			};
			name = Debug;
		};
		D551A3741F307C8D005144F5 /* Release */ = {
			isa = XCBuildConfiguration;
			buildSettings = {
				BUNDLE_LOADER = "$(TEST_HOST)";
				DEVELOPMENT_TEAM = TYM245E8PV;
				INFOPLIST_FILE = XquHome_TeacherTests/Info.plist;
				LD_RUNPATH_SEARCH_PATHS = "$(inherited) @executable_path/Frameworks @loader_path/Frameworks";
				PRODUCT_BUNDLE_IDENTIFIER = "com.xquhome.XquHome-TeacherTests";
				PRODUCT_NAME = "$(TARGET_NAME)";
				TEST_HOST = "$(BUILT_PRODUCTS_DIR)/XquHome_Teacher.app/XquHome_Teacher";
			};
			name = Release;
		};
		D551A3761F307C8D005144F5 /* Debug */ = {
			isa = XCBuildConfiguration;
			buildSettings = {
				DEVELOPMENT_TEAM = TYM245E8PV;
				INFOPLIST_FILE = XquHome_TeacherUITests/Info.plist;
				LD_RUNPATH_SEARCH_PATHS = "$(inherited) @executable_path/Frameworks @loader_path/Frameworks";
				PRODUCT_BUNDLE_IDENTIFIER = "com.xquhome.XquHome-TeacherUITests";
				PRODUCT_NAME = "$(TARGET_NAME)";
				TEST_TARGET_NAME = XquHome_Teacher;
			};
			name = Debug;
		};
		D551A3771F307C8D005144F5 /* Release */ = {
			isa = XCBuildConfiguration;
			buildSettings = {
				DEVELOPMENT_TEAM = TYM245E8PV;
				INFOPLIST_FILE = XquHome_TeacherUITests/Info.plist;
				LD_RUNPATH_SEARCH_PATHS = "$(inherited) @executable_path/Frameworks @loader_path/Frameworks";
				PRODUCT_BUNDLE_IDENTIFIER = "com.xquhome.XquHome-TeacherUITests";
				PRODUCT_NAME = "$(TARGET_NAME)";
				TEST_TARGET_NAME = XquHome_Teacher;
			};
			name = Release;
		};
/* End XCBuildConfiguration section */

/* Begin XCConfigurationList section */
		D551A33D1F307C8D005144F5 /* Build configuration list for PBXProject "XquHome_Teacher" */ = {
			isa = XCConfigurationList;
			buildConfigurations = (
				D551A36D1F307C8D005144F5 /* Debug */,
				D551A36E1F307C8D005144F5 /* Release */,
			);
			defaultConfigurationIsVisible = 0;
			defaultConfigurationName = Release;
		};
		D551A36F1F307C8D005144F5 /* Build configuration list for PBXNativeTarget "XquHome_Teacher" */ = {
			isa = XCConfigurationList;
			buildConfigurations = (
				D551A3701F307C8D005144F5 /* Debug */,
				D551A3711F307C8D005144F5 /* Release */,
			);
			defaultConfigurationIsVisible = 0;
			defaultConfigurationName = Release;
		};
		D551A3721F307C8D005144F5 /* Build configuration list for PBXNativeTarget "XquHome_TeacherTests" */ = {
			isa = XCConfigurationList;
			buildConfigurations = (
				D551A3731F307C8D005144F5 /* Debug */,
				D551A3741F307C8D005144F5 /* Release */,
			);
			defaultConfigurationIsVisible = 0;
			defaultConfigurationName = Release;
		};
		D551A3751F307C8D005144F5 /* Build configuration list for PBXNativeTarget "XquHome_TeacherUITests" */ = {
			isa = XCConfigurationList;
			buildConfigurations = (
				D551A3761F307C8D005144F5 /* Debug */,
				D551A3771F307C8D005144F5 /* Release */,
			);
			defaultConfigurationIsVisible = 0;
			defaultConfigurationName = Release;
		};
/* End XCConfigurationList section */
	};
	rootObject = D551A33A1F307C8D005144F5 /* Project object */;
}
