// !$*UTF8*$!
{
	archiveVersion = 1;
	classes = {
	};
	objectVersion = 46;
	objects = {

/* Begin PBXBuildFile section */
		D551A3471F307C8D005144F5 /* main.m in Sources */ = {isa = PBXBuildFile; fileRef = D551A3461F307C8D005144F5 /* main.m */; };
		D551A34A1F307C8D005144F5 /* AppDelegate.m in Sources */ = {isa = PBXBuildFile; fileRef = D551A3491F307C8D005144F5 /* AppDelegate.m */; };
		D551A34D1F307C8D005144F5 /* ViewController.m in Sources */ = {isa = PBXBuildFile; fileRef = D551A34C1F307C8D005144F5 /* ViewController.m */; };
		D551A3501F307C8D005144F5 /* Main.storyboard in Resources */ = {isa = PBXBuildFile; fileRef = D551A34E1F307C8D005144F5 /* Main.storyboard */; };
		D551A3521F307C8D005144F5 /* Assets.xcassets in Resources */ = {isa = PBXBuildFile; fileRef = D551A3511F307C8D005144F5 /* Assets.xcassets */; };
		D551A3551F307C8D005144F5 /* LaunchScreen.storyboard in Resources */ = {isa = PBXBuildFile; fileRef = D551A3531F307C8D005144F5 /* LaunchScreen.storyboard */; };
		D551A3601F307C8D005144F5 /* XquHome_TeacherTests.m in Sources */ = {isa = PBXBuildFile; fileRef = D551A35F1F307C8D005144F5 /* XquHome_TeacherTests.m */; };
		D551A36B1F307C8D005144F5 /* XquHome_TeacherUITests.m in Sources */ = {isa = PBXBuildFile; fileRef = D551A36A1F307C8D005144F5 /* XquHome_TeacherUITests.m */; };
/* End PBXBuildFile section */

/* Begin PBXContainerItemProxy section */
		D551A35C1F307C8D005144F5 /* PBXContainerItemProxy */ = {
			isa = PBXContainerItemProxy;
			containerPortal = D551A33A1F307C8D005144F5 /* Project object */;
			proxyType = 1;
			remoteGlobalIDString = D551A3411F307C8D005144F5;
			remoteInfo = XquHome_Teacher;
		};
		D551A3671F307C8D005144F5 /* PBXContainerItemProxy */ = {
			isa = PBXContainerItemProxy;
			containerPortal = D551A33A1F307C8D005144F5 /* Project object */;
			proxyType = 1;
			remoteGlobalIDString = D551A3411F307C8D005144F5;
			remoteInfo = XquHome_Teacher;
		};
/* End PBXContainerItemProxy section */

/* Begin PBXFileReference section */
		D551A3421F307C8D005144F5 /* XquHome_Teacher.app */ = {isa = PBXFileReference; explicitFileType = wrapper.application; includeInIndex = 0; path = XquHome_Teacher.app; sourceTree = BUILT_PRODUCTS_DIR; };
		D551A3461F307C8D005144F5 /* main.m */ = {isa = PBXFileReference; lastKnownFileType = sourcecode.c.objc; path = main.m; sourceTree = "<group>"; };
		D551A3481F307C8D005144F5 /* AppDelegate.h */ = {isa = PBXFileReference; lastKnownFileType = sourcecode.c.h; path = AppDelegate.h; sourceTree = "<group>"; };
		D551A3491F307C8D005144F5 /* AppDelegate.m */ = {isa = PBXFileReference; lastKnownFileType = sourcecode.c.objc; path = AppDelegate.m; sourceTree = "<group>"; };
		D551A34B1F307C8D005144F5 /* ViewController.h */ = {isa = PBXFileReference; lastKnownFileType = sourcecode.c.h; path = ViewController.h; sourceTree = "<group>"; };
		D551A34C1F307C8D005144F5 /* ViewController.m */ = {isa = PBXFileReference; lastKnownFileType = sourcecode.c.objc; path = ViewController.m; sourceTree = "<group>"; };
		D551A34F1F307C8D005144F5 /* Base */ = {isa = PBXFileReference; lastKnownFileType = file.storyboard; name = Base; path = Base.lproj/Main.storyboard; sourceTree = "<group>"; };
		D551A3511F307C8D005144F5 /* Assets.xcassets */ = {isa = PBXFileReference; lastKnownFileType = folder.assetcatalog; path = Assets.xcassets; sourceTree = "<group>"; };
		D551A3541F307C8D005144F5 /* Base */ = {isa = PBXFileReference; lastKnownFileType = file.storyboard; name = Base; path = Base.lproj/LaunchScreen.storyboard; sourceTree = "<group>"; };
		D551A3561F307C8D005144F5 /* Info.plist */ = {isa = PBXFileReference; lastKnownFileType = text.plist.xml; path = Info.plist; sourceTree = "<group>"; };
		D551A35B1F307C8D005144F5 /* XquHome_TeacherTests.xctest */ = {isa = PBXFileReference; explicitFileType = wrapper.cfbundle; includeInIndex = 0; path = XquHome_TeacherTests.xctest; sourceTree = BUILT_PRODUCTS_DIR; };
		D551A35F1F307C8D005144F5 /* XquHome_TeacherTests.m */ = {isa = PBXFileReference; lastKnownFileType = sourcecode.c.objc; path = XquHome_TeacherTests.m; sourceTree = "<group>"; };
		D551A3611F307C8D005144F5 /* Info.plist */ = {isa = PBXFileReference; lastKnownFileType = text.plist.xml; path = Info.plist; sourceTree = "<group>"; };
		D551A3661F307C8D005144F5 /* XquHome_TeacherUITests.xctest */ = {isa = PBXFileReference; explicitFileType = wrapper.cfbundle; includeInIndex = 0; path = XquHome_TeacherUITests.xctest; sourceTree = BUILT_PRODUCTS_DIR; };
		D551A36A1F307C8D005144F5 /* XquHome_TeacherUITests.m */ = {isa = PBXFileReference; lastKnownFileType = sourcecode.c.objc; path = XquHome_TeacherUITests.m; sourceTree = "<group>"; };
		D551A36C1F307C8D005144F5 /* Info.plist */ = {isa = PBXFileReference; lastKnownFileType = text.plist.xml; path = Info.plist; sourceTree = "<group>"; };
/* End PBXFileReference section */

/* Begin PBXFrameworksBuildPhase section */
		D551A33F1F307C8D005144F5 /* Frameworks */ = {
			isa = PBXFrameworksBuildPhase;
			buildActionMask = 2147483647;
			files = (
			);
			runOnlyForDeploymentPostprocessing = 0;
		};
		D551A3581F307C8D005144F5 /* Frameworks */ = {
			isa = PBXFrameworksBuildPhase;
			buildActionMask = 2147483647;
			files = (
			);
			runOnlyForDeploymentPostprocessing = 0;
		};
		D551A3631F307C8D005144F5 /* Frameworks */ = {
			isa = PBXFrameworksBuildPhase;
			buildActionMask = 2147483647;
			files = (
			);
			runOnlyForDeploymentPostprocessing = 0;
		};
/* End PBXFrameworksBuildPhase section */

/* Begin PBXGroup section */
		D551A3391F307C8D005144F5 = {
			isa = PBXGroup;
			children = (
				D551A3441F307C8D005144F5 /* XquHome_Teacher */,
				D551A35E1F307C8D005144F5 /* XquHome_TeacherTests */,
				D551A3691F307C8D005144F5 /* XquHome_TeacherUITests */,
				D551A3431F307C8D005144F5 /* Products */,
			);
			sourceTree = "<group>";
		};
		D551A3431F307C8D005144F5 /* Products */ = {
			isa = PBXGroup;
			children = (
				D551A3421F307C8D005144F5 /* XquHome_Teacher.app */,
				D551A35B1F307C8D005144F5 /* XquHome_TeacherTests.xctest */,
				D551A3661F307C8D005144F5 /* XquHome_TeacherUITests.xctest */,
			);
			name = Products;
			sourceTree = "<group>";
		};
		D551A3441F307C8D005144F5 /* XquHome_Teacher */ = {
			isa = PBXGroup;
			children = (
				D551A3481F307C8D005144F5 /* AppDelegate.h */,
				D551A3491F307C8D005144F5 /* AppDelegate.m */,
				D551A34B1F307C8D005144F5 /* ViewController.h */,
				D551A34C1F307C8D005144F5 /* ViewController.m */,
				D551A34E1F307C8D005144F5 /* Main.storyboard */,
				D551A3511F307C8D005144F5 /* Assets.xcassets */,
				D551A3531F307C8D005144F5 /* LaunchScreen.storyboard */,
				D551A3561F307C8D005144F5 /* Info.plist */,
				D551A3451F307C8D005144F5 /* Supporting Files */,
			);
			path = XquHome_Teacher;
			sourceTree = "<group>";
		};
		D551A3451F307C8D005144F5 /* Supporting Files */ = {
			isa = PBXGroup;
			children = (
				D551A3461F307C8D005144F5 /* main.m */,
			);
			name = "Supporting Files";
			sourceTree = "<group>";
		};
		D551A35E1F307C8D005144F5 /* XquHome_TeacherTests */ = {
			isa = PBXGroup;
			children = (
				D551A35F1F307C8D005144F5 /* XquHome_TeacherTests.m */,
				D551A3611F307C8D005144F5 /* Info.plist */,
			);
			path = XquHome_TeacherTests;
			sourceTree = "<group>";
		};
		D551A3691F307C8D005144F5 /* XquHome_TeacherUITests */ = {
			isa = PBXGroup;
			children = (
				D551A36A1F307C8D005144F5 /* XquHome_TeacherUITests.m */,
				D551A36C1F307C8D005144F5 /* Info.plist */,
			);
			path = XquHome_TeacherUITests;
			sourceTree = "<group>";
		};
/* End PBXGroup section */

/* Begin PBXNativeTarget section */
		D551A3411F307C8D005144F5 /* XquHome_Teacher */ = {
			isa = PBXNativeTarget;
			buildConfigurationList = D551A36F1F307C8D005144F5 /* Build configuration list for PBXNativeTarget "XquHome_Teacher" */;
			buildPhases = (
				D551A33E1F307C8D005144F5 /* Sources */,
				D551A33F1F307C8D005144F5 /* Frameworks */,
				D551A3401F307C8D005144F5 /* Resources */,
			);
			buildRules = (
			);
			dependencies = (
			);
			name = XquHome_Teacher;
			productName = XquHome_Teacher;
			productReference = D551A3421F307C8D005144F5 /* XquHome_Teacher.app */;
			productType = "com.apple.product-type.application";
		};
		D551A35A1F307C8D005144F5 /* XquHome_TeacherTests */ = {
			isa = PBXNativeTarget;
			buildConfigurationList = D551A3721F307C8D005144F5 /* Build configuration list for PBXNativeTarget "XquHome_TeacherTests" */;
			buildPhases = (
				D551A3571F307C8D005144F5 /* Sources */,
				D551A3581F307C8D005144F5 /* Frameworks */,
				D551A3591F307C8D005144F5 /* Resources */,
			);
			buildRules = (
			);
			dependencies = (
				D551A35D1F307C8D005144F5 /* PBXTargetDependency */,
			);
			name = XquHome_TeacherTests;
			productName = XquHome_TeacherTests;
			productReference = D551A35B1F307C8D005144F5 /* XquHome_TeacherTests.xctest */;
			productType = "com.apple.product-type.bundle.unit-test";
		};
		D551A3651F307C8D005144F5 /* XquHome_TeacherUITests */ = {
			isa = PBXNativeTarget;
			buildConfigurationList = D551A3751F307C8D005144F5 /* Build configuration list for PBXNativeTarget "XquHome_TeacherUITests" */;
			buildPhases = (
				D551A3621F307C8D005144F5 /* Sources */,
				D551A3631F307C8D005144F5 /* Frameworks */,
				D551A3641F307C8D005144F5 /* Resources */,
			);
			buildRules = (
			);
			dependencies = (
				D551A3681F307C8D005144F5 /* PBXTargetDependency */,
			);
			name = XquHome_TeacherUITests;
			productName = XquHome_TeacherUITests;
			productReference = D551A3661F307C8D005144F5 /* XquHome_TeacherUITests.xctest */;
			productType = "com.apple.product-type.bundle.ui-testing";
		};
/* End PBXNativeTarget section */

/* Begin PBXProject section */
		D551A33A1F307C8D005144F5 /* Project object */ = {
			isa = PBXProject;
			attributes = {
				LastUpgradeCheck = 0830;
				ORGANIZATIONNAME = Rainer;
				TargetAttributes = {
					D551A3411F307C8D005144F5 = {
						CreatedOnToolsVersion = 8.3.3;
						DevelopmentTeam = TYM245E8PV;
						ProvisioningStyle = Automatic;
					};
					D551A35A1F307C8D005144F5 = {
						CreatedOnToolsVersion = 8.3.3;
						DevelopmentTeam = TYM245E8PV;
						ProvisioningStyle = Automatic;
						TestTargetID = D551A3411F307C8D005144F5;
					};
					D551A3651F307C8D005144F5 = {
						CreatedOnToolsVersion = 8.3.3;
						DevelopmentTeam = TYM245E8PV;
						ProvisioningStyle = Automatic;
						TestTargetID = D551A3411F307C8D005144F5;
					};
				};
			};
			buildConfigurationList = D551A33D1F307C8D005144F5 /* Build configuration list for PBXProject "XquHome_Teacher" */;
			compatibilityVersion = "Xcode 3.2";
			developmentRegion = English;
			hasScannedForEncodings = 0;
			knownRegions = (
				en,
				Base,
			);
			mainGroup = D551A3391F307C8D005144F5;
			productRefGroup = D551A3431F307C8D005144F5 /* Products */;
			projectDirPath = "";
			projectRoot = "";
			targets = (
				D551A3411F307C8D005144F5 /* XquHome_Teacher */,
				D551A35A1F307C8D005144F5 /* XquHome_TeacherTests */,
				D551A3651F307C8D005144F5 /* XquHome_TeacherUITests */,
			);
		};
/* End PBXProject section */

/* Begin PBXResourcesBuildPhase section */
		D551A3401F307C8D005144F5 /* Resources */ = {
			isa = PBXResourcesBuildPhase;
			buildActionMask = 2147483647;
			files = (
				D551A3551F307C8D005144F5 /* LaunchScreen.storyboard in Resources */,
				D551A3521F307C8D005144F5 /* Assets.xcassets in Resources */,
				D551A3501F307C8D005144F5 /* Main.storyboard in Resources */,
			);
			runOnlyForDeploymentPostprocessing = 0;
		};
		D551A3591F307C8D005144F5 /* Resources */ = {
			isa = PBXResourcesBuildPhase;
			buildActionMask = 2147483647;
			files = (
			);
			runOnlyForDeploymentPostprocessing = 0;
		};
		D551A3641F307C8D005144F5 /* Resources */ = {
			isa = PBXResourcesBuildPhase;
			buildActionMask = 2147483647;
			files = (
			);
			runOnlyForDeploymentPostprocessing = 0;
		};
/* End PBXResourcesBuildPhase section */

/* Begin PBXSourcesBuildPhase section */
		D551A33E1F307C8D005144F5 /* Sources */ = {
			isa = PBXSourcesBuildPhase;
			buildActionMask = 2147483647;
			files = (
				D551A34D1F307C8D005144F5 /* ViewController.m in Sources */,
				D551A34A1F307C8D005144F5 /* AppDelegate.m in Sources */,
				D551A3471F307C8D005144F5 /* main.m in Sources */,
			);
			runOnlyForDeploymentPostprocessing = 0;
		};
		D551A3571F307C8D005144F5 /* Sources */ = {
			isa = PBXSourcesBuildPhase;
			buildActionMask = 2147483647;
			files = (
				D551A3601F307C8D005144F5 /* XquHome_TeacherTests.m in Sources */,
			);
			runOnlyForDeploymentPostprocessing = 0;
		};
		D551A3621F307C8D005144F5 /* Sources */ = {
			isa = PBXSourcesBuildPhase;
			buildActionMask = 2147483647;
			files = (
				D551A36B1F307C8D005144F5 /* XquHome_TeacherUITests.m in Sources */,
			);
			runOnlyForDeploymentPostprocessing = 0;
		};
/* End PBXSourcesBuildPhase section */

/* Begin PBXTargetDependency section */
		D551A35D1F307C8D005144F5 /* PBXTargetDependency */ = {
			isa = PBXTargetDependency;
			target = D551A3411F307C8D005144F5 /* XquHome_Teacher */;
			targetProxy = D551A35C1F307C8D005144F5 /* PBXContainerItemProxy */;
		};
		D551A3681F307C8D005144F5 /* PBXTargetDependency */ = {
			isa = PBXTargetDependency;
			target = D551A3411F307C8D005144F5 /* XquHome_Teacher */;
			targetProxy = D551A3671F307C8D005144F5 /* PBXContainerItemProxy */;
		};
/* End PBXTargetDependency section */

/* Begin PBXVariantGroup section */
		D551A34E1F307C8D005144F5 /* Main.storyboard */ = {
			isa = PBXVariantGroup;
			children = (
				D551A34F1F307C8D005144F5 /* Base */,
			);
			name = Main.storyboard;
			sourceTree = "<group>";
		};
		D551A3531F307C8D005144F5 /* LaunchScreen.storyboard */ = {
			isa = PBXVariantGroup;
			children = (
				D551A3541F307C8D005144F5 /* Base */,
			);
			name = LaunchScreen.storyboard;
			sourceTree = "<group>";
		};
/* End PBXVariantGroup section */

/* Begin XCBuildConfiguration section */
		D551A36D1F307C8D005144F5 /* Debug */ = {
			isa = XCBuildConfiguration;
			buildSettings = {
				ALWAYS_SEARCH_USER_PATHS = NO;
				CLANG_ANALYZER_NONNULL = YES;
				CLANG_ANALYZER_NUMBER_OBJECT_CONVERSION = YES_AGGRESSIVE;
				CLANG_CXX_LANGUAGE_STANDARD = "gnu++0x";
				CLANG_CXX_LIBRARY = "libc++";
				CLANG_ENABLE_MODULES = YES;
				CLANG_ENABLE_OBJC_ARC = YES;
				CLANG_WARN_BOOL_CONVERSION = YES;
				CLANG_WARN_CONSTANT_CONVERSION = YES;
				CLANG_WARN_DIRECT_OBJC_ISA_USAGE = YES_ERROR;
				CLANG_WARN_DOCUMENTATION_COMMENTS = YES;
				CLANG_WARN_EMPTY_BODY = YES;
				CLANG_WARN_ENUM_CONVERSION = YES;
				CLANG_WARN_INFINITE_RECURSION = YES;
				CLANG_WARN_INT_CONVERSION = YES;
				CLANG_WARN_OBJC_ROOT_CLASS = YES_ERROR;
				CLANG_WARN_SUSPICIOUS_MOVE = YES;
				CLANG_WARN_UNREACHABLE_CODE = YES;
				CLANG_WARN__DUPLICATE_METHOD_MATCH = YES;
				"CODE_SIGN_IDENTITY[sdk=iphoneos*]" = "iPhone Developer";
				COPY_PHASE_STRIP = NO;
				DEBUG_INFORMATION_FORMAT = dwarf;
				ENABLE_STRICT_OBJC_MSGSEND = YES;
				ENABLE_TESTABILITY = YES;
				GCC_C_LANGUAGE_STANDARD = gnu99;
				GCC_DYNAMIC_NO_PIC = NO;
				GCC_NO_COMMON_BLOCKS = YES;
				GCC_OPTIMIZATION_LEVEL = 0;
				GCC_PREPROCESSOR_DEFINITIONS = (
					"DEBUG=1",
					"$(inherited)",
				);
				GCC_WARN_64_TO_32_BIT_CONVERSION = YES;
				GCC_WARN_ABOUT_RETURN_TYPE = YES_ERROR;
				GCC_WARN_UNDECLARED_SELECTOR = YES;
				GCC_WARN_UNINITIALIZED_AUTOS = YES_AGGRESSIVE;
				GCC_WARN_UNUSED_FUNCTION = YES;
				GCC_WARN_UNUSED_VARIABLE = YES;
				IPHONEOS_DEPLOYMENT_TARGET = 10.3;
				MTL_ENABLE_DEBUG_INFO = YES;
				ONLY_ACTIVE_ARCH = YES;
				SDKROOT = iphoneos;
			};
			name = Debug;
		};
		D551A36E1F307C8D005144F5 /* Release */ = {
			isa = XCBuildConfiguration;
			buildSettings = {
				ALWAYS_SEARCH_USER_PATHS = NO;
				CLANG_ANALYZER_NONNULL = YES;
				CLANG_ANALYZER_NUMBER_OBJECT_CONVERSION = YES_AGGRESSIVE;
				CLANG_CXX_LANGUAGE_STANDARD = "gnu++0x";
				CLANG_CXX_LIBRARY = "libc++";
				CLANG_ENABLE_MODULES = YES;
				CLANG_ENABLE_OBJC_ARC = YES;
				CLANG_WARN_BOOL_CONVERSION = YES;
				CLANG_WARN_CONSTANT_CONVERSION = YES;
				CLANG_WARN_DIRECT_OBJC_ISA_USAGE = YES_ERROR;
				CLANG_WARN_DOCUMENTATION_COMMENTS = YES;
				CLANG_WARN_EMPTY_BODY = YES;
				CLANG_WARN_ENUM_CONVERSION = YES;
				CLANG_WARN_INFINITE_RECURSION = YES;
				CLANG_WARN_INT_CONVERSION = YES;
				CLANG_WARN_OBJC_ROOT_CLASS = YES_ERROR;
				CLANG_WARN_SUSPICIOUS_MOVE = YES;
				CLANG_WARN_UNREACHABLE_CODE = YES;
				CLANG_WARN__DUPLICATE_METHOD_MATCH = YES;
				"CODE_SIGN_IDENTITY[sdk=iphoneos*]" = "iPhone Developer";
				COPY_PHASE_STRIP = NO;
				DEBUG_INFORMATION_FORMAT = "dwarf-with-dsym";
				ENABLE_NS_ASSERTIONS = NO;
				ENABLE_STRICT_OBJC_MSGSEND = YES;
				GCC_C_LANGUAGE_STANDARD = gnu99;
				GCC_NO_COMMON_BLOCKS = YES;
				GCC_WARN_64_TO_32_BIT_CONVERSION = YES;
				GCC_WARN_ABOUT_RETURN_TYPE = YES_ERROR;
				GCC_WARN_UNDECLARED_SELECTOR = YES;
				GCC_WARN_UNINITIALIZED_AUTOS = YES_AGGRESSIVE;
				GCC_WARN_UNUSED_FUNCTION = YES;
				GCC_WARN_UNUSED_VARIABLE = YES;
				IPHONEOS_DEPLOYMENT_TARGET = 10.3;
				MTL_ENABLE_DEBUG_INFO = NO;
				SDKROOT = iphoneos;
				VALIDATE_PRODUCT = YES;
			};
			name = Release;
		};
		D551A3701F307C8D005144F5 /* Debug */ = {
			isa = XCBuildConfiguration;
			buildSettings = {
				ASSETCATALOG_COMPILER_APPICON_NAME = AppIcon;
				DEVELOPMENT_TEAM = TYM245E8PV;
				INFOPLIST_FILE = XquHome_Teacher/Info.plist;
				LD_RUNPATH_SEARCH_PATHS = "$(inherited) @executable_path/Frameworks";
				PRODUCT_BUNDLE_IDENTIFIER = "com.xquhome.XquHome-Teacher";
				PRODUCT_NAME = "$(TARGET_NAME)";
			};
			name = Debug;
		};
		D551A3711F307C8D005144F5 /* Release */ = {
			isa = XCBuildConfiguration;
			buildSettings = {
				ASSETCATALOG_COMPILER_APPICON_NAME = AppIcon;
				DEVELOPMENT_TEAM = TYM245E8PV;
				INFOPLIST_FILE = XquHome_Teacher/Info.plist;
				LD_RUNPATH_SEARCH_PATHS = "$(inherited) @executable_path/Frameworks";
				PRODUCT_BUNDLE_IDENTIFIER = "com.xquhome.XquHome-Teacher";
				PRODUCT_NAME = "$(TARGET_NAME)";
			};
			name = Release;
		};
		D551A3731F307C8D005144F5 /* Debug */ = {
			isa = XCBuildConfiguration;
			buildSettings = {
				BUNDLE_LOADER = "$(TEST_HOST)";
				DEVELOPMENT_TEAM = TYM245E8PV;
				INFOPLIST_FILE = XquHome_TeacherTests/Info.plist;
				LD_RUNPATH_SEARCH_PATHS = "$(inherited) @executable_path/Frameworks @loader_path/Frameworks";
				PRODUCT_BUNDLE_IDENTIFIER = "com.xquhome.XquHome-TeacherTests";
				PRODUCT_NAME = "$(TARGET_NAME)";
				TEST_HOST = "$(BUILT_PRODUCTS_DIR)/XquHome_Teacher.app/XquHome_Teacher";
			};
			name = Debug;
		};
		D551A3741F307C8D005144F5 /* Release */ = {
			isa = XCBuildConfiguration;
			buildSettings = {
				BUNDLE_LOADER = "$(TEST_HOST)";
				DEVELOPMENT_TEAM = TYM245E8PV;
				INFOPLIST_FILE = XquHome_TeacherTests/Info.plist;
				LD_RUNPATH_SEARCH_PATHS = "$(inherited) @executable_path/Frameworks @loader_path/Frameworks";
				PRODUCT_BUNDLE_IDENTIFIER = "com.xquhome.XquHome-TeacherTests";
				PRODUCT_NAME = "$(TARGET_NAME)";
				TEST_HOST = "$(BUILT_PRODUCTS_DIR)/XquHome_Teacher.app/XquHome_Teacher";
			};
			name = Release;
		};
		D551A3761F307C8D005144F5 /* Debug */ = {
			isa = XCBuildConfiguration;
			buildSettings = {
				DEVELOPMENT_TEAM = TYM245E8PV;
				INFOPLIST_FILE = XquHome_TeacherUITests/Info.plist;
				LD_RUNPATH_SEARCH_PATHS = "$(inherited) @executable_path/Frameworks @loader_path/Frameworks";
				PRODUCT_BUNDLE_IDENTIFIER = "com.xquhome.XquHome-TeacherUITests";
				PRODUCT_NAME = "$(TARGET_NAME)";
				TEST_TARGET_NAME = XquHome_Teacher;
			};
			name = Debug;
		};
		D551A3771F307C8D005144F5 /* Release */ = {
			isa = XCBuildConfiguration;
			buildSettings = {
				DEVELOPMENT_TEAM = TYM245E8PV;
				INFOPLIST_FILE = XquHome_TeacherUITests/Info.plist;
				LD_RUNPATH_SEARCH_PATHS = "$(inherited) @executable_path/Frameworks @loader_path/Frameworks";
				PRODUCT_BUNDLE_IDENTIFIER = "com.xquhome.XquHome-TeacherUITests";
				PRODUCT_NAME = "$(TARGET_NAME)";
				TEST_TARGET_NAME = XquHome_Teacher;
			};
			name = Release;
		};
/* End XCBuildConfiguration section */

/* Begin XCConfigurationList section */
		D551A33D1F307C8D005144F5 /* Build configuration list for PBXProject "XquHome_Teacher" */ = {
			isa = XCConfigurationList;
			buildConfigurations = (
				D551A36D1F307C8D005144F5 /* Debug */,
				D551A36E1F307C8D005144F5 /* Release */,
			);
			defaultConfigurationIsVisible = 0;
			defaultConfigurationName = Release;
		};
		D551A36F1F307C8D005144F5 /* Build configuration list for PBXNativeTarget "XquHome_Teacher" */ = {
			isa = XCConfigurationList;
			buildConfigurations = (
				D551A3701F307C8D005144F5 /* Debug */,
				D551A3711F307C8D005144F5 /* Release */,
			);
			defaultConfigurationIsVisible = 0;
		};
		D551A3721F307C8D005144F5 /* Build configuration list for PBXNativeTarget "XquHome_TeacherTests" */ = {
			isa = XCConfigurationList;
			buildConfigurations = (
				D551A3731F307C8D005144F5 /* Debug */,
				D551A3741F307C8D005144F5 /* Release */,
			);
			defaultConfigurationIsVisible = 0;
		};
		D551A3751F307C8D005144F5 /* Build configuration list for PBXNativeTarget "XquHome_TeacherUITests" */ = {
			isa = XCConfigurationList;
			buildConfigurations = (
				D551A3761F307C8D005144F5 /* Debug */,
				D551A3771F307C8D005144F5 /* Release */,
			);
			defaultConfigurationIsVisible = 0;
		};
/* End XCConfigurationList section */
	};
	rootObject = D551A33A1F307C8D005144F5 /* Project object */;
}
